
Microsoft Visual Studio Solution File, Format Version 12.00
# Visual Studio Version 17
VisualStudioVersion = 17.0.31903.59
MinimumVisualStudioVersion = 10.0.40219.1
Project("{FAE04EC0-301F-11D3-BF4B-00C04F79EFBC}") = "MoneyExtension", "MoneyExtension\MoneyExtension.csproj", "{BF4C0524-E0E2-4632-9148-02E2476B87EE}"
EndProject
Project("{FAE04EC0-301F-11D3-BF4B-00C04F79EFBC}") = "MoneyExtension.Tests", "MoneyExtension.Tests\MoneyExtension.Tests.csproj", "{229E03A2-B5FF-4639-B569-5052C1984FBC}"
EndProject
Global
	GlobalSection(SolutionConfigurationPlatforms) = preSolution
		Debug|Any CPU = Debug|Any CPU
		Release|Any CPU = Release|Any CPU
	EndGlobalSection
	GlobalSection(SolutionProperties) = preSolution
		HideSolutionNode = FALSE
	EndGlobalSection
	GlobalSection(ProjectConfigurationPlatforms) = postSolution
		{BF4C0524-E0E2-4632-9148-02E2476B87EE}.Debug|Any CPU.ActiveCfg = Debug|Any CPU
		{BF4C0524-E0E2-4632-9148-02E2476B87EE}.Debug|Any CPU.Build.0 = Debug|Any CPU
		{BF4C0524-E0E2-4632-9148-02E2476B87EE}.Release|Any CPU.ActiveCfg = Release|Any CPU
		{BF4C0524-E0E2-4632-9148-02E2476B87EE}.Release|Any CPU.Build.0 = Release|Any CPU
		{229E03A2-B5FF-4639-B569-5052C1984FBC}.Debug|Any CPU.ActiveCfg = Debug|Any CPU
		{229E03A2-B5FF-4639-B569-5052C1984FBC}.Debug|Any CPU.Build.0 = Debug|Any CPU
		{229E03A2-B5FF-4639-B569-5052C1984FBC}.Release|Any CPU.ActiveCfg = Release|Any CPU
		{229E03A2-B5FF-4639-B569-5052C1984FBC}.Release|Any CPU.Build.0 = Release|Any CPU
	EndGlobalSection
EndGlobal
